
Microsoft Visual Studio Solution File, Format Version 12.00
# Visual Studio Version 17
VisualStudioVersion = 17.8.34408.163
MinimumVisualStudioVersion = 10.0.40219.1
Project("{FAE04EC0-301F-11D3-BF4B-00C04F79EFBC}") = "SolidWorksPlugin", "src\SolidWorksPlugin.csproj", "{5DDB35B7-967A-4240-B9B6-03349ACDBD51}"
EndProject
Project("{2150E333-8FDC-42A3-9474-1A3956D46DE8}") = "Solution Items", "Solution Items", "{BD08438B-1C4A-4FFA-A856-D5285D570BB8}"
	ProjectSection(SolutionItems) = preProject
		.vscode\launch.json = .vscode\launch.json
		.vscode\tasks.json = .vscode\tasks.json
	EndProjectSection
EndProject
Global
	GlobalSection(SolutionConfigurationPlatforms) = preSolution
		Debug|Any CPU = Debug|Any CPU
		Release|Any CPU = Release|Any CPU
	EndGlobalSection
	GlobalSection(ProjectConfigurationPlatforms) = postSolution
		{5DDB35B7-967A-4240-B9B6-03349ACDBD51}.Debug|Any CPU.ActiveCfg = Debug|Any CPU
		{5DDB35B7-967A-4240-B9B6-03349ACDBD51}.Debug|Any CPU.Build.0 = Debug|Any CPU
		{5DDB35B7-967A-4240-B9B6-03349ACDBD51}.Release|Any CPU.ActiveCfg = Release|Any CPU
		{5DDB35B7-967A-4240-B9B6-03349ACDBD51}.Release|Any CPU.Build.0 = Release|Any CPU
	EndGlobalSection
	GlobalSection(SolutionProperties) = preSolution
		HideSolutionNode = FALSE
	EndGlobalSection
	GlobalSection(ExtensibilityGlobals) = postSolution
		SolutionGuid = {8872D7CF-3D61-401F-8C12-B4EF86F22D77}
	EndGlobalSection
EndGlobal
